
Microsoft Visual Studio Solution File, Format Version 12.00
# Visual Studio 2012
Project("{FAE04EC0-301F-11D3-BF4B-00C04F79EFBC}") = "BoxSimpleSync.UI", "BoxSimpleSync.UI\BoxSimpleSync.UI.csproj", "{932C48ED-0642-41F9-A56C-428626EAB625}"
EndProject
Project("{FAE04EC0-301F-11D3-BF4B-00C04F79EFBC}") = "BoxSimpleSync.API", "BoxSimpleSync.API\BoxSimpleSync.API.csproj", "{FB47022D-EA0F-45E5-856A-163471218893}"
EndProject
Project("{FAE04EC0-301F-11D3-BF4B-00C04F79EFBC}") = "BoxSimpleSync.Tests", "BoxSimpleSync.Tests\BoxSimpleSync.Tests.csproj", "{DA37A3BF-66C4-49CE-B842-7264573952BB}"
EndProject
Project("{2150E333-8FDC-42A3-9474-1A3956D46DE8}") = ".nuget", ".nuget", "{42B98EAF-AD7D-4C62-87FF-FC4CF9322D44}"
	ProjectSection(SolutionItems) = preProject
		.nuget\NuGet.Config = .nuget\NuGet.Config
		.nuget\NuGet.exe = .nuget\NuGet.exe
		.nuget\NuGet.targets = .nuget\NuGet.targets
	EndProjectSection
EndProject
Global
	GlobalSection(SolutionConfigurationPlatforms) = preSolution
		Debug|Any CPU = Debug|Any CPU
		Debug|Mixed Platforms = Debug|Mixed Platforms
		Debug|x86 = Debug|x86
		Release|Any CPU = Release|Any CPU
		Release|Mixed Platforms = Release|Mixed Platforms
		Release|x86 = Release|x86
	EndGlobalSection
	GlobalSection(ProjectConfigurationPlatforms) = postSolution
		{932C48ED-0642-41F9-A56C-428626EAB625}.Debug|Any CPU.ActiveCfg = Debug|x86
		{932C48ED-0642-41F9-A56C-428626EAB625}.Debug|Mixed Platforms.ActiveCfg = Debug|x86
		{932C48ED-0642-41F9-A56C-428626EAB625}.Debug|Mixed Platforms.Build.0 = Debug|x86
		{932C48ED-0642-41F9-A56C-428626EAB625}.Debug|x86.ActiveCfg = Debug|x86
		{932C48ED-0642-41F9-A56C-428626EAB625}.Debug|x86.Build.0 = Debug|x86
		{932C48ED-0642-41F9-A56C-428626EAB625}.Release|Any CPU.ActiveCfg = Release|x86
		{932C48ED-0642-41F9-A56C-428626EAB625}.Release|Mixed Platforms.ActiveCfg = Release|x86
		{932C48ED-0642-41F9-A56C-428626EAB625}.Release|Mixed Platforms.Build.0 = Release|x86
		{932C48ED-0642-41F9-A56C-428626EAB625}.Release|x86.ActiveCfg = Release|x86
		{932C48ED-0642-41F9-A56C-428626EAB625}.Release|x86.Build.0 = Release|x86
		{DA37A3BF-66C4-49CE-B842-7264573952BB}.Debug|Any CPU.ActiveCfg = Debug|Any CPU
		{DA37A3BF-66C4-49CE-B842-7264573952BB}.Debug|Any CPU.Build.0 = Debug|Any CPU
		{DA37A3BF-66C4-49CE-B842-7264573952BB}.Debug|Mixed Platforms.ActiveCfg = Debug|Any CPU
		{DA37A3BF-66C4-49CE-B842-7264573952BB}.Debug|Mixed Platforms.Build.0 = Debug|Any CPU
		{DA37A3BF-66C4-49CE-B842-7264573952BB}.Debug|x86.ActiveCfg = Debug|Any CPU
		{DA37A3BF-66C4-49CE-B842-7264573952BB}.Release|Any CPU.ActiveCfg = Release|Any CPU
		{DA37A3BF-66C4-49CE-B842-7264573952BB}.Release|Any CPU.Build.0 = Release|Any CPU
		{DA37A3BF-66C4-49CE-B842-7264573952BB}.Release|Mixed Platforms.ActiveCfg = Release|Any CPU
		{DA37A3BF-66C4-49CE-B842-7264573952BB}.Release|Mixed Platforms.Build.0 = Release|Any CPU
		{DA37A3BF-66C4-49CE-B842-7264573952BB}.Release|x86.ActiveCfg = Release|Any CPU
		{FB47022D-EA0F-45E5-856A-163471218893}.Debug|Any CPU.ActiveCfg = Debug|Any CPU
		{FB47022D-EA0F-45E5-856A-163471218893}.Debug|Any CPU.Build.0 = Debug|Any CPU
		{FB47022D-EA0F-45E5-856A-163471218893}.Debug|Mixed Platforms.ActiveCfg = Debug|Any CPU
		{FB47022D-EA0F-45E5-856A-163471218893}.Debug|Mixed Platforms.Build.0 = Debug|Any CPU
		{FB47022D-EA0F-45E5-856A-163471218893}.Debug|x86.ActiveCfg = Debug|Any CPU
		{FB47022D-EA0F-45E5-856A-163471218893}.Release|Any CPU.ActiveCfg = Release|Any CPU
		{FB47022D-EA0F-45E5-856A-163471218893}.Release|Any CPU.Build.0 = Release|Any CPU
		{FB47022D-EA0F-45E5-856A-163471218893}.Release|Mixed Platforms.ActiveCfg = Release|Any CPU
		{FB47022D-EA0F-45E5-856A-163471218893}.Release|Mixed Platforms.Build.0 = Release|Any CPU
		{FB47022D-EA0F-45E5-856A-163471218893}.Release|x86.ActiveCfg = Release|Any CPU
	EndGlobalSection
	GlobalSection(SolutionProperties) = preSolution
		HideSolutionNode = FALSE
	EndGlobalSection
EndGlobal
